
Microsoft Visual Studio Solution File, Format Version 12.00
# Visual Studio Version 17
VisualStudioVersion = 17.8.34511.84
MinimumVisualStudioVersion = 10.0.40219.1
Project("{9A19103F-16F7-4668-BE54-9A1E7A4F7556}") = "SafeChat", "SafeChat\SafeChat\SafeChat.csproj", "{3586D6F4-7252-4E7F-B3E1-1C652F076D83}"
EndProject
Project("{9A19103F-16F7-4668-BE54-9A1E7A4F7556}") = "SafeChat.Client", "SafeChat\SafeChat.Client\SafeChat.Client.csproj", "{C14B7264-77E1-428A-AE8B-662E3057E815}"
EndProject
Global
	GlobalSection(SolutionConfigurationPlatforms) = preSolution
		Debug|Any CPU = Debug|Any CPU
		Release|Any CPU = Release|Any CPU
	EndGlobalSection
	GlobalSection(ProjectConfigurationPlatforms) = postSolution
		{3586D6F4-7252-4E7F-B3E1-1C652F076D83}.Debug|Any CPU.ActiveCfg = Debug|Any CPU
		{3586D6F4-7252-4E7F-B3E1-1C652F076D83}.Debug|Any CPU.Build.0 = Debug|Any CPU
		{3586D6F4-7252-4E7F-B3E1-1C652F076D83}.Release|Any CPU.ActiveCfg = Release|Any CPU
		{3586D6F4-7252-4E7F-B3E1-1C652F076D83}.Release|Any CPU.Build.0 = Release|Any CPU
		{C14B7264-77E1-428A-AE8B-662E3057E815}.Debug|Any CPU.ActiveCfg = Debug|Any CPU
		{C14B7264-77E1-428A-AE8B-662E3057E815}.Debug|Any CPU.Build.0 = Debug|Any CPU
		{C14B7264-77E1-428A-AE8B-662E3057E815}.Release|Any CPU.ActiveCfg = Release|Any CPU
		{C14B7264-77E1-428A-AE8B-662E3057E815}.Release|Any CPU.Build.0 = Release|Any CPU
	EndGlobalSection
	GlobalSection(SolutionProperties) = preSolution
		HideSolutionNode = FALSE
	EndGlobalSection
	GlobalSection(ExtensibilityGlobals) = postSolution
		SolutionGuid = {1C8BD734-E69E-4755-840C-BE5665545AA3}
	EndGlobalSection
EndGlobal
